
Microsoft Visual Studio Solution File, Format Version 12.00
# Visual Studio Version 17
VisualStudioVersion = 17.9.34714.143
MinimumVisualStudioVersion = 10.0.40219.1
Project("{FAE04EC0-301F-11D3-BF4B-00C04F79EFBC}") = "JwtAuth.UserSecurity", "JwtAuth.UserSecurity\JwtAuth.UserSecurity.csproj", "{A99487D9-1147-4A0B-9F76-4A94BF270608}"
EndProject
Global
	GlobalSection(SolutionConfigurationPlatforms) = preSolution
		Debug|Any CPU = Debug|Any CPU
		Release|Any CPU = Release|Any CPU
	EndGlobalSection
	GlobalSection(ProjectConfigurationPlatforms) = postSolution
		{A99487D9-1147-4A0B-9F76-4A94BF270608}.Debug|Any CPU.ActiveCfg = Debug|Any CPU
		{A99487D9-1147-4A0B-9F76-4A94BF270608}.Debug|Any CPU.Build.0 = Debug|Any CPU
		{A99487D9-1147-4A0B-9F76-4A94BF270608}.Release|Any CPU.ActiveCfg = Release|Any CPU
		{A99487D9-1147-4A0B-9F76-4A94BF270608}.Release|Any CPU.Build.0 = Release|Any CPU
	EndGlobalSection
	GlobalSection(SolutionProperties) = preSolution
		HideSolutionNode = FALSE
	EndGlobalSection
	GlobalSection(ExtensibilityGlobals) = postSolution
		SolutionGuid = {D11660E2-0EAB-453A-92FB-500A7C3B0910}
	EndGlobalSection
EndGlobal
