
Microsoft Visual Studio Solution File, Format Version 12.00
# Visual Studio Version 17
VisualStudioVersion = 17.9.34714.143
MinimumVisualStudioVersion = 10.0.40219.1
Project("{9A19103F-16F7-4668-BE54-9A1E7A4F7556}") = "JwtAuth.UserSecurity", "JwtAuth.UserSecurity\JwtAuth.UserSecurity.csproj", "{A99487D9-1147-4A0B-9F76-4A94BF270608}"
EndProject
Project("{9A19103F-16F7-4668-BE54-9A1E7A4F7556}") = "JwtAuth.Web", "JwtAuth.Web\JwtAuth.Web.csproj", "{2BA15755-E4F2-46FA-A692-EAF3D2E20156}"
EndProject
Project("{9A19103F-16F7-4668-BE54-9A1E7A4F7556}") = "JwtAuth.DataClient", "JwtAuth.DataClient\JwtAuth.DataClient.csproj", "{4AF7619F-3D10-4C2F-8505-0A376FE23772}"
EndProject
Project("{FAE04EC0-301F-11D3-BF4B-00C04F79EFBC}") = "JwtAuth.MAUI", "JwtAuth.MAUI\JwtAuth.MAUI.csproj", "{09D039E2-F5A6-4AFD-9E3E-3D1B3D61E0F0}"
EndProject
Global
	GlobalSection(SolutionConfigurationPlatforms) = preSolution
		Debug|Any CPU = Debug|Any CPU
		Release|Any CPU = Release|Any CPU
	EndGlobalSection
	GlobalSection(ProjectConfigurationPlatforms) = postSolution
		{A99487D9-1147-4A0B-9F76-4A94BF270608}.Debug|Any CPU.ActiveCfg = Debug|Any CPU
		{A99487D9-1147-4A0B-9F76-4A94BF270608}.Debug|Any CPU.Build.0 = Debug|Any CPU
		{A99487D9-1147-4A0B-9F76-4A94BF270608}.Release|Any CPU.ActiveCfg = Release|Any CPU
		{A99487D9-1147-4A0B-9F76-4A94BF270608}.Release|Any CPU.Build.0 = Release|Any CPU
		{2BA15755-E4F2-46FA-A692-EAF3D2E20156}.Debug|Any CPU.ActiveCfg = Debug|Any CPU
		{2BA15755-E4F2-46FA-A692-EAF3D2E20156}.Debug|Any CPU.Build.0 = Debug|Any CPU
		{2BA15755-E4F2-46FA-A692-EAF3D2E20156}.Release|Any CPU.ActiveCfg = Release|Any CPU
		{2BA15755-E4F2-46FA-A692-EAF3D2E20156}.Release|Any CPU.Build.0 = Release|Any CPU
		{4AF7619F-3D10-4C2F-8505-0A376FE23772}.Debug|Any CPU.ActiveCfg = Debug|Any CPU
		{4AF7619F-3D10-4C2F-8505-0A376FE23772}.Debug|Any CPU.Build.0 = Debug|Any CPU
		{4AF7619F-3D10-4C2F-8505-0A376FE23772}.Release|Any CPU.ActiveCfg = Release|Any CPU
		{4AF7619F-3D10-4C2F-8505-0A376FE23772}.Release|Any CPU.Build.0 = Release|Any CPU
		{09D039E2-F5A6-4AFD-9E3E-3D1B3D61E0F0}.Debug|Any CPU.ActiveCfg = Debug|Any CPU
		{09D039E2-F5A6-4AFD-9E3E-3D1B3D61E0F0}.Debug|Any CPU.Build.0 = Debug|Any CPU
		{09D039E2-F5A6-4AFD-9E3E-3D1B3D61E0F0}.Debug|Any CPU.Deploy.0 = Debug|Any CPU
		{09D039E2-F5A6-4AFD-9E3E-3D1B3D61E0F0}.Release|Any CPU.ActiveCfg = Release|Any CPU
		{09D039E2-F5A6-4AFD-9E3E-3D1B3D61E0F0}.Release|Any CPU.Build.0 = Release|Any CPU
		{09D039E2-F5A6-4AFD-9E3E-3D1B3D61E0F0}.Release|Any CPU.Deploy.0 = Release|Any CPU
	EndGlobalSection
	GlobalSection(SolutionProperties) = preSolution
		HideSolutionNode = FALSE
	EndGlobalSection
	GlobalSection(ExtensibilityGlobals) = postSolution
		SolutionGuid = {D11660E2-0EAB-453A-92FB-500A7C3B0910}
	EndGlobalSection
EndGlobal
